
Microsoft Visual Studio Solution File, Format Version 12.00
# Visual Studio 2012
Project("{FAE04EC0-301F-11D3-BF4B-00C04F79EFBC}") = "BooksClient", "BooksClient\BooksClient.csproj", "{E3E4B8AA-8DEC-41CE-86D4-390193EDDBBF}"
EndProject
Project("{FAE04EC0-301F-11D3-BF4B-00C04F79EFBC}") = "PersonsClient", "PersonsClient\PersonsClient.csproj", "{6E177A20-A1F3-4897-9ED6-DACDA12CD5EF}"
EndProject
Global
	GlobalSection(SolutionConfigurationPlatforms) = preSolution
		Debug|Any CPU = Debug|Any CPU
		Release|Any CPU = Release|Any CPU
	EndGlobalSection
	GlobalSection(ProjectConfigurationPlatforms) = postSolution
		{E3E4B8AA-8DEC-41CE-86D4-390193EDDBBF}.Debug|Any CPU.ActiveCfg = Debug|Any CPU
		{E3E4B8AA-8DEC-41CE-86D4-390193EDDBBF}.Debug|Any CPU.Build.0 = Debug|Any CPU
		{E3E4B8AA-8DEC-41CE-86D4-390193EDDBBF}.Release|Any CPU.ActiveCfg = Release|Any CPU
		{E3E4B8AA-8DEC-41CE-86D4-390193EDDBBF}.Release|Any CPU.Build.0 = Release|Any CPU
		{6E177A20-A1F3-4897-9ED6-DACDA12CD5EF}.Debug|Any CPU.ActiveCfg = Debug|Any CPU
		{6E177A20-A1F3-4897-9ED6-DACDA12CD5EF}.Debug|Any CPU.Build.0 = Debug|Any CPU
		{6E177A20-A1F3-4897-9ED6-DACDA12CD5EF}.Release|Any CPU.ActiveCfg = Release|Any CPU
		{6E177A20-A1F3-4897-9ED6-DACDA12CD5EF}.Release|Any CPU.Build.0 = Release|Any CPU
	EndGlobalSection
	GlobalSection(SolutionProperties) = preSolution
		HideSolutionNode = FALSE
	EndGlobalSection
EndGlobal
